
Microsoft Visual Studio Solution File, Format Version 12.00
# Visual Studio Version 17
VisualStudioVersion = 17.8.34511.84
MinimumVisualStudioVersion = 10.0.40219.1
Project("{9A19103F-16F7-4668-BE54-9A1E7A4F7556}") = "CarJack.Common", "CarJack.Common\CarJack.Common.csproj", "{B84EC244-8A50-481F-9047-495C6D676D88}"
EndProject
Project("{9A19103F-16F7-4668-BE54-9A1E7A4F7556}") = "CarJack.Plugin", "CarJack.Plugin\CarJack.Plugin.csproj", "{718C6199-37C4-40FB-8527-17DE2D8CD5A6}"
EndProject
Project("{9A19103F-16F7-4668-BE54-9A1E7A4F7556}") = "CommonAPI", "libs\BRC-CommonAPI\CommonAPI.csproj", "{7FF00358-F1F3-4A81-8BB4-F767042185AC}"
EndProject
Project("{FAE04EC0-301F-11D3-BF4B-00C04F79EFBC}") = "CarJack.SlopCrew", "CarJack.SlopCrew\CarJack.SlopCrew.csproj", "{FA269827-B0AC-4848-899B-CFEFD60EFA0D}"
EndProject
Global
	GlobalSection(SolutionConfigurationPlatforms) = preSolution
		Debug|Any CPU = Debug|Any CPU
		Release|Any CPU = Release|Any CPU
	EndGlobalSection
	GlobalSection(ProjectConfigurationPlatforms) = postSolution
		{B84EC244-8A50-481F-9047-495C6D676D88}.Debug|Any CPU.ActiveCfg = Debug|Any CPU
		{B84EC244-8A50-481F-9047-495C6D676D88}.Debug|Any CPU.Build.0 = Debug|Any CPU
		{B84EC244-8A50-481F-9047-495C6D676D88}.Release|Any CPU.ActiveCfg = Release|Any CPU
		{B84EC244-8A50-481F-9047-495C6D676D88}.Release|Any CPU.Build.0 = Release|Any CPU
		{718C6199-37C4-40FB-8527-17DE2D8CD5A6}.Debug|Any CPU.ActiveCfg = Debug|Any CPU
		{718C6199-37C4-40FB-8527-17DE2D8CD5A6}.Debug|Any CPU.Build.0 = Debug|Any CPU
		{718C6199-37C4-40FB-8527-17DE2D8CD5A6}.Release|Any CPU.ActiveCfg = Release|Any CPU
		{718C6199-37C4-40FB-8527-17DE2D8CD5A6}.Release|Any CPU.Build.0 = Release|Any CPU
		{7FF00358-F1F3-4A81-8BB4-F767042185AC}.Debug|Any CPU.ActiveCfg = Debug|Any CPU
		{7FF00358-F1F3-4A81-8BB4-F767042185AC}.Debug|Any CPU.Build.0 = Debug|Any CPU
		{7FF00358-F1F3-4A81-8BB4-F767042185AC}.Release|Any CPU.ActiveCfg = Release|Any CPU
		{7FF00358-F1F3-4A81-8BB4-F767042185AC}.Release|Any CPU.Build.0 = Release|Any CPU
		{FA269827-B0AC-4848-899B-CFEFD60EFA0D}.Debug|Any CPU.ActiveCfg = Debug|Any CPU
		{FA269827-B0AC-4848-899B-CFEFD60EFA0D}.Debug|Any CPU.Build.0 = Debug|Any CPU
		{FA269827-B0AC-4848-899B-CFEFD60EFA0D}.Release|Any CPU.ActiveCfg = Release|Any CPU
		{FA269827-B0AC-4848-899B-CFEFD60EFA0D}.Release|Any CPU.Build.0 = Release|Any CPU
	EndGlobalSection
	GlobalSection(SolutionProperties) = preSolution
		HideSolutionNode = FALSE
	EndGlobalSection
	GlobalSection(ExtensibilityGlobals) = postSolution
		SolutionGuid = {4A1FED78-71D3-433C-A4B3-DEB62E3CCA31}
	EndGlobalSection
EndGlobal
